// !$*UTF8*$!
{
	archiveVersion = 1;
	classes = {
	};
	objectVersion = 46;
	objects = {

/* Begin PBXBuildFile section */
		CD4376DA1D11E72800E6E353 /* Event.swift in Sources */ = {isa = PBXBuildFile; fileRef = CD4376D81D11E72800E6E353 /* Event.swift */; };
		CD4376DC1D11E8C200E6E353 /* DVOLocationEditViewController.swift in Sources */ = {isa = PBXBuildFile; fileRef = CD4376DB1D11E8C200E6E353 /* DVOLocationEditViewController.swift */; };
		CD4376DE1D1311B600E6E353 /* DVOSearchableName.swift in Sources */ = {isa = PBXBuildFile; fileRef = CD4376DD1D1311B600E6E353 /* DVOSearchableName.swift */; };
		CD71961D1D0200C600A49D11 /* DVODateFormatter.swift in Sources */ = {isa = PBXBuildFile; fileRef = CD71961C1D0200C600A49D11 /* DVODateFormatter.swift */; };
		CD71961F1D02172D00A49D11 /* DVOTextField.swift in Sources */ = {isa = PBXBuildFile; fileRef = CD71961E1D02172D00A49D11 /* DVOTextField.swift */; };
		CD7196221D02175A00A49D11 /* DVOInputAccessoryBar.xib in Resources */ = {isa = PBXBuildFile; fileRef = CD7196201D02175A00A49D11 /* DVOInputAccessoryBar.xib */; };
		CD7196231D02175A00A49D11 /* DVOInputAccessoryBar.swift in Sources */ = {isa = PBXBuildFile; fileRef = CD7196211D02175A00A49D11 /* DVOInputAccessoryBar.swift */; };
		CD7196251D021F8000A49D11 /* DVOMetaDataTitleViewController.swift in Sources */ = {isa = PBXBuildFile; fileRef = CD7196241D021F8000A49D11 /* DVOMetaDataTitleViewController.swift */; };
		CD7196281D023D3500A49D11 /* DVOLocationTableViewController.swift in Sources */ = {isa = PBXBuildFile; fileRef = CD7196271D023D3500A49D11 /* DVOLocationTableViewController.swift */; };
		CD8A7E231CF7988D00D7DC01 /* AppDelegate.swift in Sources */ = {isa = PBXBuildFile; fileRef = CD8A7E221CF7988D00D7DC01 /* AppDelegate.swift */; };
		CD8A7E281CF7988D00D7DC01 /* Main.storyboard in Resources */ = {isa = PBXBuildFile; fileRef = CD8A7E261CF7988D00D7DC01 /* Main.storyboard */; };
		CD8A7E2B1CF7988D00D7DC01 /* DanceVideoOrganizer.xcdatamodeld in Sources */ = {isa = PBXBuildFile; fileRef = CD8A7E291CF7988D00D7DC01 /* DanceVideoOrganizer.xcdatamodeld */; };
		CD8A7E2D1CF7988D00D7DC01 /* Assets.xcassets in Resources */ = {isa = PBXBuildFile; fileRef = CD8A7E2C1CF7988D00D7DC01 /* Assets.xcassets */; };
		CD8A7E301CF7988D00D7DC01 /* LaunchScreen.storyboard in Resources */ = {isa = PBXBuildFile; fileRef = CD8A7E2E1CF7988D00D7DC01 /* LaunchScreen.storyboard */; };
		CD8A7E3B1CF7988D00D7DC01 /* DanceVideoOrganizerTests.swift in Sources */ = {isa = PBXBuildFile; fileRef = CD8A7E3A1CF7988D00D7DC01 /* DanceVideoOrganizerTests.swift */; };
		CD8A7E461CF7988D00D7DC01 /* DanceVideoOrganizerUITests.swift in Sources */ = {isa = PBXBuildFile; fileRef = CD8A7E451CF7988D00D7DC01 /* DanceVideoOrganizerUITests.swift */; };
		CD8A7E541CF799CF00D7DC01 /* DVOMainMenuTableViewController.swift in Sources */ = {isa = PBXBuildFile; fileRef = CD8A7E531CF799CF00D7DC01 /* DVOMainMenuTableViewController.swift */; };
		CD8A7E561CF79B6700D7DC01 /* DVOVideoAsset.swift in Sources */ = {isa = PBXBuildFile; fileRef = CD8A7E551CF79B6700D7DC01 /* DVOVideoAsset.swift */; };
		CD8A7E591CF79BE300D7DC01 /* DVOCoreData.swift in Sources */ = {isa = PBXBuildFile; fileRef = CD8A7E581CF79BE300D7DC01 /* DVOCoreData.swift */; };
		CD8A7E5B1CF7AC3F00D7DC01 /* DVOSelectVideoTableViewController.swift in Sources */ = {isa = PBXBuildFile; fileRef = CD8A7E5A1CF7AC3F00D7DC01 /* DVOSelectVideoTableViewController.swift */; };
		CD8A7E751CF8B66C00D7DC01 /* Studio.swift in Sources */ = {isa = PBXBuildFile; fileRef = CD8A7E6F1CF8B66C00D7DC01 /* Studio.swift */; };
		CD8A7E771CF8B66C00D7DC01 /* VideoAssets.swift in Sources */ = {isa = PBXBuildFile; fileRef = CD8A7E711CF8B66C00D7DC01 /* VideoAssets.swift */; };
		CD8A7E791CF8B66C00D7DC01 /* VideoMetaData.swift in Sources */ = {isa = PBXBuildFile; fileRef = CD8A7E731CF8B66C00D7DC01 /* VideoMetaData.swift */; };
		CD8A7E811CFE340400D7DC01 /* DVOEditVideoDataViewController.swift in Sources */ = {isa = PBXBuildFile; fileRef = CD8A7E801CFE340400D7DC01 /* DVOEditVideoDataViewController.swift */; };
		CD8A7E841CFF853000D7DC01 /* DVOMetaDataEntryCell.swift in Sources */ = {isa = PBXBuildFile; fileRef = CD8A7E831CFF853000D7DC01 /* DVOMetaDataEntryCell.swift */; };
		CD8A7E861CFF85F600D7DC01 /* DVOMetaDataEntryLayout.swift in Sources */ = {isa = PBXBuildFile; fileRef = CD8A7E851CFF85F600D7DC01 /* DVOMetaDataEntryLayout.swift */; };
		CD8A7E8A1CFF921300D7DC01 /* Dancer.swift in Sources */ = {isa = PBXBuildFile; fileRef = CD8A7E881CFF921300D7DC01 /* Dancer.swift */; };
		CD9A510B1D04C0FD00BD6E06 /* DVODancerTableViewController.swift in Sources */ = {isa = PBXBuildFile; fileRef = CD9A510A1D04C0FD00BD6E06 /* DVODancerTableViewController.swift */; };
		CDD2BD291D1322BF00D1634E /* DVOMetaDataTableViewController.swift in Sources */ = {isa = PBXBuildFile; fileRef = CDD2BD281D1322BF00D1634E /* DVOMetaDataTableViewController.swift */; };
		CDD2BD2B1D1355F500D1634E /* DVOMetaDataCell.swift in Sources */ = {isa = PBXBuildFile; fileRef = CDD2BD2A1D1355F500D1634E /* DVOMetaDataCell.swift */; };
		CDD2BD331D13719100D1634E /* CompRound.swift in Sources */ = {isa = PBXBuildFile; fileRef = CDD2BD2D1D13719100D1634E /* CompRound.swift */; };
		CDD2BD351D13719100D1634E /* CompLevel.swift in Sources */ = {isa = PBXBuildFile; fileRef = CDD2BD2F1D13719100D1634E /* CompLevel.swift */; };
		CDD2BD371D13719100D1634E /* CompType.swift in Sources */ = {isa = PBXBuildFile; fileRef = CDD2BD311D13719100D1634E /* CompType.swift */; };
		CDD2BD391D14929500D1634E /* DVOSearchableTableViewDelegate.swift in Sources */ = {isa = PBXBuildFile; fileRef = CDD2BD381D14929500D1634E /* DVOSearchableTableViewDelegate.swift */; };
		CDD2BD3B1D1498D000D1634E /* DVOCompEditViewController.swift in Sources */ = {isa = PBXBuildFile; fileRef = CDD2BD3A1D1498D000D1634E /* DVOCompEditViewController.swift */; };
		CDF6B3BA1D0628850029FB30 /* DVODateEntryViewController.swift in Sources */ = {isa = PBXBuildFile; fileRef = CDF6B3B91D0628850029FB30 /* DVODateEntryViewController.swift */; };
		CDF6B3BC1D0637230029FB30 /* DVOVideoPlayerViewController.swift in Sources */ = {isa = PBXBuildFile; fileRef = CDF6B3BB1D0637230029FB30 /* DVOVideoPlayerViewController.swift */; };
/* End PBXBuildFile section */

/* Begin PBXContainerItemProxy section */
		CD8A7E371CF7988D00D7DC01 /* PBXContainerItemProxy */ = {
			isa = PBXContainerItemProxy;
			containerPortal = CD8A7E171CF7988D00D7DC01 /* Project object */;
			proxyType = 1;
			remoteGlobalIDString = CD8A7E1E1CF7988D00D7DC01;
			remoteInfo = DanceVideoOrganizer;
		};
		CD8A7E421CF7988D00D7DC01 /* PBXContainerItemProxy */ = {
			isa = PBXContainerItemProxy;
			containerPortal = CD8A7E171CF7988D00D7DC01 /* Project object */;
			proxyType = 1;
			remoteGlobalIDString = CD8A7E1E1CF7988D00D7DC01;
			remoteInfo = DanceVideoOrganizer;
		};
/* End PBXContainerItemProxy section */

/* Begin PBXFileReference section */
		CD4376D81D11E72800E6E353 /* Event.swift */ = {isa = PBXFileReference; fileEncoding = 4; lastKnownFileType = sourcecode.swift; path = Event.swift; sourceTree = "<group>"; };
		CD4376DB1D11E8C200E6E353 /* DVOLocationEditViewController.swift */ = {isa = PBXFileReference; fileEncoding = 4; lastKnownFileType = sourcecode.swift; path = DVOLocationEditViewController.swift; sourceTree = "<group>"; };
		CD4376DD1D1311B600E6E353 /* DVOSearchableName.swift */ = {isa = PBXFileReference; fileEncoding = 4; lastKnownFileType = sourcecode.swift; path = DVOSearchableName.swift; sourceTree = "<group>"; };
		CD71961C1D0200C600A49D11 /* DVODateFormatter.swift */ = {isa = PBXFileReference; fileEncoding = 4; lastKnownFileType = sourcecode.swift; path = DVODateFormatter.swift; sourceTree = "<group>"; };
		CD71961E1D02172D00A49D11 /* DVOTextField.swift */ = {isa = PBXFileReference; fileEncoding = 4; lastKnownFileType = sourcecode.swift; path = DVOTextField.swift; sourceTree = "<group>"; };
		CD7196201D02175A00A49D11 /* DVOInputAccessoryBar.xib */ = {isa = PBXFileReference; fileEncoding = 4; lastKnownFileType = file.xib; path = DVOInputAccessoryBar.xib; sourceTree = "<group>"; };
		CD7196211D02175A00A49D11 /* DVOInputAccessoryBar.swift */ = {isa = PBXFileReference; fileEncoding = 4; lastKnownFileType = sourcecode.swift; path = DVOInputAccessoryBar.swift; sourceTree = "<group>"; };
		CD7196241D021F8000A49D11 /* DVOMetaDataTitleViewController.swift */ = {isa = PBXFileReference; fileEncoding = 4; lastKnownFileType = sourcecode.swift; path = DVOMetaDataTitleViewController.swift; sourceTree = "<group>"; };
		CD7196271D023D3500A49D11 /* DVOLocationTableViewController.swift */ = {isa = PBXFileReference; fileEncoding = 4; lastKnownFileType = sourcecode.swift; path = DVOLocationTableViewController.swift; sourceTree = "<group>"; };
		CD8A7E1F1CF7988D00D7DC01 /* DanceVideoOrganizer.app */ = {isa = PBXFileReference; explicitFileType = wrapper.application; includeInIndex = 0; path = DanceVideoOrganizer.app; sourceTree = BUILT_PRODUCTS_DIR; };
		CD8A7E221CF7988D00D7DC01 /* AppDelegate.swift */ = {isa = PBXFileReference; lastKnownFileType = sourcecode.swift; path = AppDelegate.swift; sourceTree = "<group>"; };
		CD8A7E271CF7988D00D7DC01 /* Base */ = {isa = PBXFileReference; lastKnownFileType = file.storyboard; name = Base; path = Base.lproj/Main.storyboard; sourceTree = "<group>"; };
		CD8A7E2A1CF7988D00D7DC01 /* DanceVideoOrganizer.xcdatamodel */ = {isa = PBXFileReference; lastKnownFileType = wrapper.xcdatamodel; path = DanceVideoOrganizer.xcdatamodel; sourceTree = "<group>"; };
		CD8A7E2C1CF7988D00D7DC01 /* Assets.xcassets */ = {isa = PBXFileReference; lastKnownFileType = folder.assetcatalog; path = Assets.xcassets; sourceTree = "<group>"; };
		CD8A7E2F1CF7988D00D7DC01 /* Base */ = {isa = PBXFileReference; lastKnownFileType = file.storyboard; name = Base; path = Base.lproj/LaunchScreen.storyboard; sourceTree = "<group>"; };
		CD8A7E311CF7988D00D7DC01 /* Info.plist */ = {isa = PBXFileReference; lastKnownFileType = text.plist.xml; path = Info.plist; sourceTree = "<group>"; };
		CD8A7E361CF7988D00D7DC01 /* DanceVideoOrganizerTests.xctest */ = {isa = PBXFileReference; explicitFileType = wrapper.cfbundle; includeInIndex = 0; path = DanceVideoOrganizerTests.xctest; sourceTree = BUILT_PRODUCTS_DIR; };
		CD8A7E3A1CF7988D00D7DC01 /* DanceVideoOrganizerTests.swift */ = {isa = PBXFileReference; lastKnownFileType = sourcecode.swift; path = DanceVideoOrganizerTests.swift; sourceTree = "<group>"; };
		CD8A7E3C1CF7988D00D7DC01 /* Info.plist */ = {isa = PBXFileReference; lastKnownFileType = text.plist.xml; path = Info.plist; sourceTree = "<group>"; };
		CD8A7E411CF7988D00D7DC01 /* DanceVideoOrganizerUITests.xctest */ = {isa = PBXFileReference; explicitFileType = wrapper.cfbundle; includeInIndex = 0; path = DanceVideoOrganizerUITests.xctest; sourceTree = BUILT_PRODUCTS_DIR; };
		CD8A7E451CF7988D00D7DC01 /* DanceVideoOrganizerUITests.swift */ = {isa = PBXFileReference; lastKnownFileType = sourcecode.swift; path = DanceVideoOrganizerUITests.swift; sourceTree = "<group>"; };
		CD8A7E471CF7988D00D7DC01 /* Info.plist */ = {isa = PBXFileReference; lastKnownFileType = text.plist.xml; path = Info.plist; sourceTree = "<group>"; };
		CD8A7E531CF799CF00D7DC01 /* DVOMainMenuTableViewController.swift */ = {isa = PBXFileReference; fileEncoding = 4; lastKnownFileType = sourcecode.swift; path = DVOMainMenuTableViewController.swift; sourceTree = "<group>"; };
		CD8A7E551CF79B6700D7DC01 /* DVOVideoAsset.swift */ = {isa = PBXFileReference; fileEncoding = 4; lastKnownFileType = sourcecode.swift; path = DVOVideoAsset.swift; sourceTree = "<group>"; };
		CD8A7E581CF79BE300D7DC01 /* DVOCoreData.swift */ = {isa = PBXFileReference; fileEncoding = 4; lastKnownFileType = sourcecode.swift; path = DVOCoreData.swift; sourceTree = "<group>"; };
		CD8A7E5A1CF7AC3F00D7DC01 /* DVOSelectVideoTableViewController.swift */ = {isa = PBXFileReference; fileEncoding = 4; lastKnownFileType = sourcecode.swift; path = DVOSelectVideoTableViewController.swift; sourceTree = "<group>"; };
		CD8A7E6F1CF8B66C00D7DC01 /* Studio.swift */ = {isa = PBXFileReference; fileEncoding = 4; lastKnownFileType = sourcecode.swift; path = Studio.swift; sourceTree = "<group>"; };
		CD8A7E711CF8B66C00D7DC01 /* VideoAssets.swift */ = {isa = PBXFileReference; fileEncoding = 4; lastKnownFileType = sourcecode.swift; path = VideoAssets.swift; sourceTree = "<group>"; };
		CD8A7E731CF8B66C00D7DC01 /* VideoMetaData.swift */ = {isa = PBXFileReference; fileEncoding = 4; lastKnownFileType = sourcecode.swift; path = VideoMetaData.swift; sourceTree = "<group>"; };
		CD8A7E801CFE340400D7DC01 /* DVOEditVideoDataViewController.swift */ = {isa = PBXFileReference; fileEncoding = 4; lastKnownFileType = sourcecode.swift; path = DVOEditVideoDataViewController.swift; sourceTree = "<group>"; };
		CD8A7E831CFF853000D7DC01 /* DVOMetaDataEntryCell.swift */ = {isa = PBXFileReference; fileEncoding = 4; lastKnownFileType = sourcecode.swift; path = DVOMetaDataEntryCell.swift; sourceTree = "<group>"; };
		CD8A7E851CFF85F600D7DC01 /* DVOMetaDataEntryLayout.swift */ = {isa = PBXFileReference; fileEncoding = 4; lastKnownFileType = sourcecode.swift; path = DVOMetaDataEntryLayout.swift; sourceTree = "<group>"; };
		CD8A7E881CFF921300D7DC01 /* Dancer.swift */ = {isa = PBXFileReference; fileEncoding = 4; lastKnownFileType = sourcecode.swift; path = Dancer.swift; sourceTree = "<group>"; };
		CD9A510A1D04C0FD00BD6E06 /* DVODancerTableViewController.swift */ = {isa = PBXFileReference; fileEncoding = 4; lastKnownFileType = sourcecode.swift; path = DVODancerTableViewController.swift; sourceTree = "<group>"; };
		CDD2BD281D1322BF00D1634E /* DVOMetaDataTableViewController.swift */ = {isa = PBXFileReference; fileEncoding = 4; lastKnownFileType = sourcecode.swift; path = DVOMetaDataTableViewController.swift; sourceTree = "<group>"; };
		CDD2BD2A1D1355F500D1634E /* DVOMetaDataCell.swift */ = {isa = PBXFileReference; fileEncoding = 4; lastKnownFileType = sourcecode.swift; path = DVOMetaDataCell.swift; sourceTree = "<group>"; };
		CDD2BD2D1D13719100D1634E /* CompRound.swift */ = {isa = PBXFileReference; fileEncoding = 4; lastKnownFileType = sourcecode.swift; path = CompRound.swift; sourceTree = "<group>"; };
		CDD2BD2F1D13719100D1634E /* CompLevel.swift */ = {isa = PBXFileReference; fileEncoding = 4; lastKnownFileType = sourcecode.swift; path = CompLevel.swift; sourceTree = "<group>"; };
		CDD2BD311D13719100D1634E /* CompType.swift */ = {isa = PBXFileReference; fileEncoding = 4; lastKnownFileType = sourcecode.swift; path = CompType.swift; sourceTree = "<group>"; };
		CDD2BD381D14929500D1634E /* DVOSearchableTableViewDelegate.swift */ = {isa = PBXFileReference; fileEncoding = 4; lastKnownFileType = sourcecode.swift; path = DVOSearchableTableViewDelegate.swift; sourceTree = "<group>"; };
		CDD2BD3A1D1498D000D1634E /* DVOCompEditViewController.swift */ = {isa = PBXFileReference; fileEncoding = 4; lastKnownFileType = sourcecode.swift; path = DVOCompEditViewController.swift; sourceTree = "<group>"; };
		CDF6B3B91D0628850029FB30 /* DVODateEntryViewController.swift */ = {isa = PBXFileReference; fileEncoding = 4; lastKnownFileType = sourcecode.swift; path = DVODateEntryViewController.swift; sourceTree = "<group>"; };
		CDF6B3BB1D0637230029FB30 /* DVOVideoPlayerViewController.swift */ = {isa = PBXFileReference; fileEncoding = 4; lastKnownFileType = sourcecode.swift; path = DVOVideoPlayerViewController.swift; sourceTree = "<group>"; };
/* End PBXFileReference section */

/* Begin PBXFrameworksBuildPhase section */
		CD8A7E1C1CF7988D00D7DC01 /* Frameworks */ = {
			isa = PBXFrameworksBuildPhase;
			buildActionMask = 2147483647;
			files = (
			);
			runOnlyForDeploymentPostprocessing = 0;
		};
		CD8A7E331CF7988D00D7DC01 /* Frameworks */ = {
			isa = PBXFrameworksBuildPhase;
			buildActionMask = 2147483647;
			files = (
			);
			runOnlyForDeploymentPostprocessing = 0;
		};
		CD8A7E3E1CF7988D00D7DC01 /* Frameworks */ = {
			isa = PBXFrameworksBuildPhase;
			buildActionMask = 2147483647;
			files = (
			);
			runOnlyForDeploymentPostprocessing = 0;
		};
/* End PBXFrameworksBuildPhase section */

/* Begin PBXGroup section */
		CD2693311D5FD2B5008C5EF1 /* Detail Views */ = {
			isa = PBXGroup;
			children = (
				CDF6B3BB1D0637230029FB30 /* DVOVideoPlayerViewController.swift */,
				CD7196271D023D3500A49D11 /* DVOLocationTableViewController.swift */,
				CD4376DB1D11E8C200E6E353 /* DVOLocationEditViewController.swift */,
				CD9A510A1D04C0FD00BD6E06 /* DVODancerTableViewController.swift */,
				CDF6B3B91D0628850029FB30 /* DVODateEntryViewController.swift */,
			);
			name = "Detail Views";
			sourceTree = "<group>";
		};
		CD4376E11D1321F400E6E353 /* MetaData View */ = {
			isa = PBXGroup;
			children = (
				CDD2BD281D1322BF00D1634E /* DVOMetaDataTableViewController.swift */,
				CDD2BD2A1D1355F500D1634E /* DVOMetaDataCell.swift */,
			);
			name = "MetaData View";
			sourceTree = "<group>";
		};
		CD7196261D022A8800A49D11 /* Text Views */ = {
			isa = PBXGroup;
			children = (
				CD71961E1D02172D00A49D11 /* DVOTextField.swift */,
				CD7196201D02175A00A49D11 /* DVOInputAccessoryBar.xib */,
				CD7196211D02175A00A49D11 /* DVOInputAccessoryBar.swift */,
			);
			name = "Text Views";
			sourceTree = "<group>";
		};
		CD8A7E161CF7988C00D7DC01 = {
			isa = PBXGroup;
			children = (
				CD8A7E211CF7988D00D7DC01 /* DanceVideoOrganizer */,
				CD8A7E391CF7988D00D7DC01 /* DanceVideoOrganizerTests */,
				CD8A7E441CF7988D00D7DC01 /* DanceVideoOrganizerUITests */,
				CD8A7E201CF7988D00D7DC01 /* Products */,
			);
			sourceTree = "<group>";
		};
		CD8A7E201CF7988D00D7DC01 /* Products */ = {
			isa = PBXGroup;
			children = (
				CD8A7E1F1CF7988D00D7DC01 /* DanceVideoOrganizer.app */,
				CD8A7E361CF7988D00D7DC01 /* DanceVideoOrganizerTests.xctest */,
				CD8A7E411CF7988D00D7DC01 /* DanceVideoOrganizerUITests.xctest */,
			);
			name = Products;
			sourceTree = "<group>";
		};
		CD8A7E211CF7988D00D7DC01 /* DanceVideoOrganizer */ = {
			isa = PBXGroup;
			children = (
				CD8A7E221CF7988D00D7DC01 /* AppDelegate.swift */,
				CD8A7E581CF79BE300D7DC01 /* DVOCoreData.swift */,
				CD8A7E531CF799CF00D7DC01 /* DVOMainMenuTableViewController.swift */,
				CD8A7E5A1CF7AC3F00D7DC01 /* DVOSelectVideoTableViewController.swift */,
				CDD2BD381D14929500D1634E /* DVOSearchableTableViewDelegate.swift */,
				CD8A7E571CF79B6B00D7DC01 /* Models */,
				CD7196261D022A8800A49D11 /* Text Views */,
				CD4376E11D1321F400E6E353 /* MetaData View */,
				CD8A7E821CFF84E800D7DC01 /* MetaData Entry */,
				CD8A7E261CF7988D00D7DC01 /* Main.storyboard */,
				CD8A7E2C1CF7988D00D7DC01 /* Assets.xcassets */,
				CD8A7E2E1CF7988D00D7DC01 /* LaunchScreen.storyboard */,
				CD8A7E311CF7988D00D7DC01 /* Info.plist */,
				CD8A7E291CF7988D00D7DC01 /* DanceVideoOrganizer.xcdatamodeld */,
			);
			path = DanceVideoOrganizer;
			sourceTree = "<group>";
		};
		CD8A7E391CF7988D00D7DC01 /* DanceVideoOrganizerTests */ = {
			isa = PBXGroup;
			children = (
				CD8A7E3A1CF7988D00D7DC01 /* DanceVideoOrganizerTests.swift */,
				CD8A7E3C1CF7988D00D7DC01 /* Info.plist */,
			);
			path = DanceVideoOrganizerTests;
			sourceTree = "<group>";
		};
		CD8A7E441CF7988D00D7DC01 /* DanceVideoOrganizerUITests */ = {
			isa = PBXGroup;
			children = (
				CD8A7E451CF7988D00D7DC01 /* DanceVideoOrganizerUITests.swift */,
				CD8A7E471CF7988D00D7DC01 /* Info.plist */,
			);
			path = DanceVideoOrganizerUITests;
			sourceTree = "<group>";
		};
		CD8A7E571CF79B6B00D7DC01 /* Models */ = {
			isa = PBXGroup;
			children = (
				CD8A7E551CF79B6700D7DC01 /* DVOVideoAsset.swift */,
				CD8A7E6F1CF8B66C00D7DC01 /* Studio.swift */,
				CD8A7E711CF8B66C00D7DC01 /* VideoAssets.swift */,
				CD8A7E731CF8B66C00D7DC01 /* VideoMetaData.swift */,
				CD8A7E881CFF921300D7DC01 /* Dancer.swift */,
				CD71961C1D0200C600A49D11 /* DVODateFormatter.swift */,
				CD4376D81D11E72800E6E353 /* Event.swift */,
				CD4376DD1D1311B600E6E353 /* DVOSearchableName.swift */,
				CDD2BD2D1D13719100D1634E /* CompRound.swift */,
				CDD2BD2F1D13719100D1634E /* CompLevel.swift */,
				CDD2BD311D13719100D1634E /* CompType.swift */,
			);
			name = Models;
			sourceTree = "<group>";
		};
		CD8A7E821CFF84E800D7DC01 /* MetaData Entry */ = {
			isa = PBXGroup;
			children = (
				CD8A7E801CFE340400D7DC01 /* DVOEditVideoDataViewController.swift */,
				CD8A7E851CFF85F600D7DC01 /* DVOMetaDataEntryLayout.swift */,
				CD8A7E831CFF853000D7DC01 /* DVOMetaDataEntryCell.swift */,
				CD7196241D021F8000A49D11 /* DVOMetaDataTitleViewController.swift */,
				CD2693311D5FD2B5008C5EF1 /* Detail Views */,
				CDD2BD3A1D1498D000D1634E /* DVOCompEditViewController.swift */,
			);
			name = "MetaData Entry";
			sourceTree = "<group>";
		};
/* End PBXGroup section */

/* Begin PBXNativeTarget section */
		CD8A7E1E1CF7988D00D7DC01 /* DanceVideoOrganizer */ = {
			isa = PBXNativeTarget;
			buildConfigurationList = CD8A7E4A1CF7988D00D7DC01 /* Build configuration list for PBXNativeTarget "DanceVideoOrganizer" */;
			buildPhases = (
				CD8A7E1B1CF7988D00D7DC01 /* Sources */,
				CD8A7E1C1CF7988D00D7DC01 /* Frameworks */,
				CD8A7E1D1CF7988D00D7DC01 /* Resources */,
			);
			buildRules = (
			);
			dependencies = (
			);
			name = DanceVideoOrganizer;
			productName = DanceVideoOrganizer;
			productReference = CD8A7E1F1CF7988D00D7DC01 /* DanceVideoOrganizer.app */;
			productType = "com.apple.product-type.application";
		};
		CD8A7E351CF7988D00D7DC01 /* DanceVideoOrganizerTests */ = {
			isa = PBXNativeTarget;
			buildConfigurationList = CD8A7E4D1CF7988D00D7DC01 /* Build configuration list for PBXNativeTarget "DanceVideoOrganizerTests" */;
			buildPhases = (
				CD8A7E321CF7988D00D7DC01 /* Sources */,
				CD8A7E331CF7988D00D7DC01 /* Frameworks */,
				CD8A7E341CF7988D00D7DC01 /* Resources */,
			);
			buildRules = (
			);
			dependencies = (
				CD8A7E381CF7988D00D7DC01 /* PBXTargetDependency */,
			);
			name = DanceVideoOrganizerTests;
			productName = DanceVideoOrganizerTests;
			productReference = CD8A7E361CF7988D00D7DC01 /* DanceVideoOrganizerTests.xctest */;
			productType = "com.apple.product-type.bundle.unit-test";
		};
		CD8A7E401CF7988D00D7DC01 /* DanceVideoOrganizerUITests */ = {
			isa = PBXNativeTarget;
			buildConfigurationList = CD8A7E501CF7988D00D7DC01 /* Build configuration list for PBXNativeTarget "DanceVideoOrganizerUITests" */;
			buildPhases = (
				CD8A7E3D1CF7988D00D7DC01 /* Sources */,
				CD8A7E3E1CF7988D00D7DC01 /* Frameworks */,
				CD8A7E3F1CF7988D00D7DC01 /* Resources */,
			);
			buildRules = (
			);
			dependencies = (
				CD8A7E431CF7988D00D7DC01 /* PBXTargetDependency */,
			);
			name = DanceVideoOrganizerUITests;
			productName = DanceVideoOrganizerUITests;
			productReference = CD8A7E411CF7988D00D7DC01 /* DanceVideoOrganizerUITests.xctest */;
			productType = "com.apple.product-type.bundle.ui-testing";
		};
/* End PBXNativeTarget section */

/* Begin PBXProject section */
		CD8A7E171CF7988D00D7DC01 /* Project object */ = {
			isa = PBXProject;
			attributes = {
				CLASSPREFIX = DVO;
				LastSwiftUpdateCheck = 0730;
				LastUpgradeCheck = 0730;
				ORGANIZATIONNAME = "Wayne Ohmer";
				TargetAttributes = {
					CD8A7E1E1CF7988D00D7DC01 = {
						CreatedOnToolsVersion = 7.3;
						DevelopmentTeam = EKUA3NG8A6;
					};
					CD8A7E351CF7988D00D7DC01 = {
						CreatedOnToolsVersion = 7.3;
						TestTargetID = CD8A7E1E1CF7988D00D7DC01;
					};
					CD8A7E401CF7988D00D7DC01 = {
						CreatedOnToolsVersion = 7.3;
						TestTargetID = CD8A7E1E1CF7988D00D7DC01;
					};
				};
			};
			buildConfigurationList = CD8A7E1A1CF7988D00D7DC01 /* Build configuration list for PBXProject "DanceVideoOrganizer" */;
			compatibilityVersion = "Xcode 3.2";
			developmentRegion = English;
			hasScannedForEncodings = 0;
			knownRegions = (
				en,
				Base,
			);
			mainGroup = CD8A7E161CF7988C00D7DC01;
			productRefGroup = CD8A7E201CF7988D00D7DC01 /* Products */;
			projectDirPath = "";
			projectRoot = "";
			targets = (
				CD8A7E1E1CF7988D00D7DC01 /* DanceVideoOrganizer */,
				CD8A7E351CF7988D00D7DC01 /* DanceVideoOrganizerTests */,
				CD8A7E401CF7988D00D7DC01 /* DanceVideoOrganizerUITests */,
			);
		};
/* End PBXProject section */

/* Begin PBXResourcesBuildPhase section */
		CD8A7E1D1CF7988D00D7DC01 /* Resources */ = {
			isa = PBXResourcesBuildPhase;
			buildActionMask = 2147483647;
			files = (
				CD8A7E301CF7988D00D7DC01 /* LaunchScreen.storyboard in Resources */,
				CD8A7E2D1CF7988D00D7DC01 /* Assets.xcassets in Resources */,
				CD8A7E281CF7988D00D7DC01 /* Main.storyboard in Resources */,
				CD7196221D02175A00A49D11 /* DVOInputAccessoryBar.xib in Resources */,
			);
			runOnlyForDeploymentPostprocessing = 0;
		};
		CD8A7E341CF7988D00D7DC01 /* Resources */ = {
			isa = PBXResourcesBuildPhase;
			buildActionMask = 2147483647;
			files = (
			);
			runOnlyForDeploymentPostprocessing = 0;
		};
		CD8A7E3F1CF7988D00D7DC01 /* Resources */ = {
			isa = PBXResourcesBuildPhase;
			buildActionMask = 2147483647;
			files = (
			);
			runOnlyForDeploymentPostprocessing = 0;
		};
/* End PBXResourcesBuildPhase section */

/* Begin PBXSourcesBuildPhase section */
		CD8A7E1B1CF7988D00D7DC01 /* Sources */ = {
			isa = PBXSourcesBuildPhase;
			buildActionMask = 2147483647;
			files = (
				CDD2BD2B1D1355F500D1634E /* DVOMetaDataCell.swift in Sources */,
				CD8A7E811CFE340400D7DC01 /* DVOEditVideoDataViewController.swift in Sources */,
				CDD2BD3B1D1498D000D1634E /* DVOCompEditViewController.swift in Sources */,
				CD8A7E541CF799CF00D7DC01 /* DVOMainMenuTableViewController.swift in Sources */,
				CD8A7E5B1CF7AC3F00D7DC01 /* DVOSelectVideoTableViewController.swift in Sources */,
				CD8A7E791CF8B66C00D7DC01 /* VideoMetaData.swift in Sources */,
				CD8A7E841CFF853000D7DC01 /* DVOMetaDataEntryCell.swift in Sources */,
				CD8A7E2B1CF7988D00D7DC01 /* DanceVideoOrganizer.xcdatamodeld in Sources */,
				CDF6B3BA1D0628850029FB30 /* DVODateEntryViewController.swift in Sources */,
				CD4376DA1D11E72800E6E353 /* Event.swift in Sources */,
				CDD2BD391D14929500D1634E /* DVOSearchableTableViewDelegate.swift in Sources */,
				CD8A7E561CF79B6700D7DC01 /* DVOVideoAsset.swift in Sources */,
				CDD2BD351D13719100D1634E /* CompLevel.swift in Sources */,
				CD8A7E8A1CFF921300D7DC01 /* Dancer.swift in Sources */,
				CD4376DC1D11E8C200E6E353 /* DVOLocationEditViewController.swift in Sources */,
				CDD2BD331D13719100D1634E /* CompRound.swift in Sources */,
				CD7196281D023D3500A49D11 /* DVOLocationTableViewController.swift in Sources */,
				CD8A7E591CF79BE300D7DC01 /* DVOCoreData.swift in Sources */,
				CD8A7E771CF8B66C00D7DC01 /* VideoAssets.swift in Sources */,
				CD8A7E861CFF85F600D7DC01 /* DVOMetaDataEntryLayout.swift in Sources */,
				CDD2BD291D1322BF00D1634E /* DVOMetaDataTableViewController.swift in Sources */,
				CD7196231D02175A00A49D11 /* DVOInputAccessoryBar.swift in Sources */,
				CD8A7E231CF7988D00D7DC01 /* AppDelegate.swift in Sources */,
				CD4376DE1D1311B600E6E353 /* DVOSearchableName.swift in Sources */,
				CDF6B3BC1D0637230029FB30 /* DVOVideoPlayerViewController.swift in Sources */,
				CDD2BD371D13719100D1634E /* CompType.swift in Sources */,
				CD71961D1D0200C600A49D11 /* DVODateFormatter.swift in Sources */,
				CD71961F1D02172D00A49D11 /* DVOTextField.swift in Sources */,
				CD7196251D021F8000A49D11 /* DVOMetaDataTitleViewController.swift in Sources */,
				CD9A510B1D04C0FD00BD6E06 /* DVODancerTableViewController.swift in Sources */,
				CD8A7E751CF8B66C00D7DC01 /* Studio.swift in Sources */,
			);
			runOnlyForDeploymentPostprocessing = 0;
		};
		CD8A7E321CF7988D00D7DC01 /* Sources */ = {
			isa = PBXSourcesBuildPhase;
			buildActionMask = 2147483647;
			files = (
				CD8A7E3B1CF7988D00D7DC01 /* DanceVideoOrganizerTests.swift in Sources */,
			);
			runOnlyForDeploymentPostprocessing = 0;
		};
		CD8A7E3D1CF7988D00D7DC01 /* Sources */ = {
			isa = PBXSourcesBuildPhase;
			buildActionMask = 2147483647;
			files = (
				CD8A7E461CF7988D00D7DC01 /* DanceVideoOrganizerUITests.swift in Sources */,
			);
			runOnlyForDeploymentPostprocessing = 0;
		};
/* End PBXSourcesBuildPhase section */

/* Begin PBXTargetDependency section */
		CD8A7E381CF7988D00D7DC01 /* PBXTargetDependency */ = {
			isa = PBXTargetDependency;
			target = CD8A7E1E1CF7988D00D7DC01 /* DanceVideoOrganizer */;
			targetProxy = CD8A7E371CF7988D00D7DC01 /* PBXContainerItemProxy */;
		};
		CD8A7E431CF7988D00D7DC01 /* PBXTargetDependency */ = {
			isa = PBXTargetDependency;
			target = CD8A7E1E1CF7988D00D7DC01 /* DanceVideoOrganizer */;
			targetProxy = CD8A7E421CF7988D00D7DC01 /* PBXContainerItemProxy */;
		};
/* End PBXTargetDependency section */

/* Begin PBXVariantGroup section */
		CD8A7E261CF7988D00D7DC01 /* Main.storyboard */ = {
			isa = PBXVariantGroup;
			children = (
				CD8A7E271CF7988D00D7DC01 /* Base */,
			);
			name = Main.storyboard;
			sourceTree = "<group>";
		};
		CD8A7E2E1CF7988D00D7DC01 /* LaunchScreen.storyboard */ = {
			isa = PBXVariantGroup;
			children = (
				CD8A7E2F1CF7988D00D7DC01 /* Base */,
			);
			name = LaunchScreen.storyboard;
			sourceTree = "<group>";
		};
/* End PBXVariantGroup section */

/* Begin XCBuildConfiguration section */
		CD8A7E481CF7988D00D7DC01 /* Debug */ = {
			isa = XCBuildConfiguration;
			buildSettings = {
				ALWAYS_SEARCH_USER_PATHS = NO;
				CLANG_ANALYZER_NONNULL = YES;
				CLANG_CXX_LANGUAGE_STANDARD = "gnu++0x";
				CLANG_CXX_LIBRARY = "libc++";
				CLANG_ENABLE_MODULES = YES;
				CLANG_ENABLE_OBJC_ARC = YES;
				CLANG_WARN_BOOL_CONVERSION = YES;
				CLANG_WARN_CONSTANT_CONVERSION = YES;
				CLANG_WARN_DIRECT_OBJC_ISA_USAGE = YES_ERROR;
				CLANG_WARN_EMPTY_BODY = YES;
				CLANG_WARN_ENUM_CONVERSION = YES;
				CLANG_WARN_INT_CONVERSION = YES;
				CLANG_WARN_OBJC_ROOT_CLASS = YES_ERROR;
				CLANG_WARN_UNREACHABLE_CODE = YES;
				CLANG_WARN__DUPLICATE_METHOD_MATCH = YES;
				"CODE_SIGN_IDENTITY[sdk=iphoneos*]" = "iPhone Developer";
				COPY_PHASE_STRIP = NO;
				DEBUG_INFORMATION_FORMAT = dwarf;
				ENABLE_STRICT_OBJC_MSGSEND = YES;
				ENABLE_TESTABILITY = YES;
				GCC_C_LANGUAGE_STANDARD = gnu99;
				GCC_DYNAMIC_NO_PIC = NO;
				GCC_NO_COMMON_BLOCKS = YES;
				GCC_OPTIMIZATION_LEVEL = 0;
				GCC_PREPROCESSOR_DEFINITIONS = (
					"DEBUG=1",
					"$(inherited)",
				);
				GCC_WARN_64_TO_32_BIT_CONVERSION = YES;
				GCC_WARN_ABOUT_RETURN_TYPE = YES_ERROR;
				GCC_WARN_UNDECLARED_SELECTOR = YES;
				GCC_WARN_UNINITIALIZED_AUTOS = YES_AGGRESSIVE;
				GCC_WARN_UNUSED_FUNCTION = YES;
				GCC_WARN_UNUSED_VARIABLE = YES;
				IPHONEOS_DEPLOYMENT_TARGET = 9.3;
				MTL_ENABLE_DEBUG_INFO = YES;
				ONLY_ACTIVE_ARCH = YES;
				SDKROOT = iphoneos;
				SWIFT_OPTIMIZATION_LEVEL = "-Onone";
				TARGETED_DEVICE_FAMILY = "1,2";
			};
			name = Debug;
		};
		CD8A7E491CF7988D00D7DC01 /* Release */ = {
			isa = XCBuildConfiguration;
			buildSettings = {
				ALWAYS_SEARCH_USER_PATHS = NO;
				CLANG_ANALYZER_NONNULL = YES;
				CLANG_CXX_LANGUAGE_STANDARD = "gnu++0x";
				CLANG_CXX_LIBRARY = "libc++";
				CLANG_ENABLE_MODULES = YES;
				CLANG_ENABLE_OBJC_ARC = YES;
				CLANG_WARN_BOOL_CONVERSION = YES;
				CLANG_WARN_CONSTANT_CONVERSION = YES;
				CLANG_WARN_DIRECT_OBJC_ISA_USAGE = YES_ERROR;
				CLANG_WARN_EMPTY_BODY = YES;
				CLANG_WARN_ENUM_CONVERSION = YES;
				CLANG_WARN_INT_CONVERSION = YES;
				CLANG_WARN_OBJC_ROOT_CLASS = YES_ERROR;
				CLANG_WARN_UNREACHABLE_CODE = YES;
				CLANG_WARN__DUPLICATE_METHOD_MATCH = YES;
				"CODE_SIGN_IDENTITY[sdk=iphoneos*]" = "iPhone Developer";
				COPY_PHASE_STRIP = NO;
				DEBUG_INFORMATION_FORMAT = "dwarf-with-dsym";
				ENABLE_NS_ASSERTIONS = NO;
				ENABLE_STRICT_OBJC_MSGSEND = YES;
				GCC_C_LANGUAGE_STANDARD = gnu99;
				GCC_NO_COMMON_BLOCKS = YES;
				GCC_WARN_64_TO_32_BIT_CONVERSION = YES;
				GCC_WARN_ABOUT_RETURN_TYPE = YES_ERROR;
				GCC_WARN_UNDECLARED_SELECTOR = YES;
				GCC_WARN_UNINITIALIZED_AUTOS = YES_AGGRESSIVE;
				GCC_WARN_UNUSED_FUNCTION = YES;
				GCC_WARN_UNUSED_VARIABLE = YES;
				IPHONEOS_DEPLOYMENT_TARGET = 9.3;
				MTL_ENABLE_DEBUG_INFO = NO;
				SDKROOT = iphoneos;
				TARGETED_DEVICE_FAMILY = "1,2";
				VALIDATE_PRODUCT = YES;
			};
			name = Release;
		};
		CD8A7E4B1CF7988D00D7DC01 /* Debug */ = {
			isa = XCBuildConfiguration;
			buildSettings = {
				ASSETCATALOG_COMPILER_APPICON_NAME = AppIcon;
				CLANG_ENABLE_MODULES = YES;
				CODE_SIGN_IDENTITY = "iPhone Developer";
				"CODE_SIGN_IDENTITY[sdk=iphoneos*]" = "iPhone Developer";
				INFOPLIST_FILE = DanceVideoOrganizer/Info.plist;
				LD_RUNPATH_SEARCH_PATHS = "$(inherited) @executable_path/Frameworks";
				PRODUCT_BUNDLE_IDENTIFIER = TrialByFyre.DanceVideoOrganizer;
				PRODUCT_NAME = "$(TARGET_NAME)";
				PROVISIONING_PROFILE = "";
				SWIFT_OPTIMIZATION_LEVEL = "-Onone";
			};
			name = Debug;
		};
		CD8A7E4C1CF7988D00D7DC01 /* Release */ = {
			isa = XCBuildConfiguration;
			buildSettings = {
				ASSETCATALOG_COMPILER_APPICON_NAME = AppIcon;
				CLANG_ENABLE_MODULES = YES;
				CODE_SIGN_IDENTITY = "iPhone Developer";
				"CODE_SIGN_IDENTITY[sdk=iphoneos*]" = "iPhone Developer";
				INFOPLIST_FILE = DanceVideoOrganizer/Info.plist;
				LD_RUNPATH_SEARCH_PATHS = "$(inherited) @executable_path/Frameworks";
				PRODUCT_BUNDLE_IDENTIFIER = TrialByFyre.DanceVideoOrganizer;
				PRODUCT_NAME = "$(TARGET_NAME)";
				PROVISIONING_PROFILE = "";
			};
			name = Release;
		};
		CD8A7E4E1CF7988D00D7DC01 /* Debug */ = {
			isa = XCBuildConfiguration;
			buildSettings = {
				BUNDLE_LOADER = "$(TEST_HOST)";
				INFOPLIST_FILE = DanceVideoOrganizerTests/Info.plist;
				LD_RUNPATH_SEARCH_PATHS = "$(inherited) @executable_path/Frameworks @loader_path/Frameworks";
				PRODUCT_BUNDLE_IDENTIFIER = TrialByFyre.DanceVideoOrganizerTests;
				PRODUCT_NAME = "$(TARGET_NAME)";
				TEST_HOST = "$(BUILT_PRODUCTS_DIR)/DanceVideoOrganizer.app/DanceVideoOrganizer";
			};
			name = Debug;
		};
		CD8A7E4F1CF7988D00D7DC01 /* Release */ = {
			isa = XCBuildConfiguration;
			buildSettings = {
				BUNDLE_LOADER = "$(TEST_HOST)";
				INFOPLIST_FILE = DanceVideoOrganizerTests/Info.plist;
				LD_RUNPATH_SEARCH_PATHS = "$(inherited) @executable_path/Frameworks @loader_path/Frameworks";
				PRODUCT_BUNDLE_IDENTIFIER = TrialByFyre.DanceVideoOrganizerTests;
				PRODUCT_NAME = "$(TARGET_NAME)";
				TEST_HOST = "$(BUILT_PRODUCTS_DIR)/DanceVideoOrganizer.app/DanceVideoOrganizer";
			};
			name = Release;
		};
		CD8A7E511CF7988D00D7DC01 /* Debug */ = {
			isa = XCBuildConfiguration;
			buildSettings = {
				INFOPLIST_FILE = DanceVideoOrganizerUITests/Info.plist;
				LD_RUNPATH_SEARCH_PATHS = "$(inherited) @executable_path/Frameworks @loader_path/Frameworks";
				PRODUCT_BUNDLE_IDENTIFIER = TrialByFyre.DanceVideoOrganizerUITests;
				PRODUCT_NAME = "$(TARGET_NAME)";
				TEST_TARGET_NAME = DanceVideoOrganizer;
			};
			name = Debug;
		};
		CD8A7E521CF7988D00D7DC01 /* Release */ = {
			isa = XCBuildConfiguration;
			buildSettings = {
				INFOPLIST_FILE = DanceVideoOrganizerUITests/Info.plist;
				LD_RUNPATH_SEARCH_PATHS = "$(inherited) @executable_path/Frameworks @loader_path/Frameworks";
				PRODUCT_BUNDLE_IDENTIFIER = TrialByFyre.DanceVideoOrganizerUITests;
				PRODUCT_NAME = "$(TARGET_NAME)";
				TEST_TARGET_NAME = DanceVideoOrganizer;
			};
			name = Release;
		};
/* End XCBuildConfiguration section */

/* Begin XCConfigurationList section */
		CD8A7E1A1CF7988D00D7DC01 /* Build configuration list for PBXProject "DanceVideoOrganizer" */ = {
			isa = XCConfigurationList;
			buildConfigurations = (
				CD8A7E481CF7988D00D7DC01 /* Debug */,
				CD8A7E491CF7988D00D7DC01 /* Release */,
			);
			defaultConfigurationIsVisible = 0;
			defaultConfigurationName = Release;
		};
		CD8A7E4A1CF7988D00D7DC01 /* Build configuration list for PBXNativeTarget "DanceVideoOrganizer" */ = {
			isa = XCConfigurationList;
			buildConfigurations = (
				CD8A7E4B1CF7988D00D7DC01 /* Debug */,
				CD8A7E4C1CF7988D00D7DC01 /* Release */,
			);
			defaultConfigurationIsVisible = 0;
			defaultConfigurationName = Release;
		};
		CD8A7E4D1CF7988D00D7DC01 /* Build configuration list for PBXNativeTarget "DanceVideoOrganizerTests" */ = {
			isa = XCConfigurationList;
			buildConfigurations = (
				CD8A7E4E1CF7988D00D7DC01 /* Debug */,
				CD8A7E4F1CF7988D00D7DC01 /* Release */,
			);
			defaultConfigurationIsVisible = 0;
			defaultConfigurationName = Release;
		};
		CD8A7E501CF7988D00D7DC01 /* Build configuration list for PBXNativeTarget "DanceVideoOrganizerUITests" */ = {
			isa = XCConfigurationList;
			buildConfigurations = (
				CD8A7E511CF7988D00D7DC01 /* Debug */,
				CD8A7E521CF7988D00D7DC01 /* Release */,
			);
			defaultConfigurationIsVisible = 0;
			defaultConfigurationName = Release;
		};
/* End XCConfigurationList section */

/* Begin XCVersionGroup section */
		CD8A7E291CF7988D00D7DC01 /* DanceVideoOrganizer.xcdatamodeld */ = {
			isa = XCVersionGroup;
			children = (
				CD8A7E2A1CF7988D00D7DC01 /* DanceVideoOrganizer.xcdatamodel */,
			);
			currentVersion = CD8A7E2A1CF7988D00D7DC01 /* DanceVideoOrganizer.xcdatamodel */;
			path = DanceVideoOrganizer.xcdatamodeld;
			sourceTree = "<group>";
			versionGroupType = wrapper.xcdatamodel;
		};
/* End XCVersionGroup section */
	};
	rootObject = CD8A7E171CF7988D00D7DC01 /* Project object */;
}
